
Microsoft Visual Studio Solution File, Format Version 12.00
# Visual Studio 15
VisualStudioVersion = 15.0.28307.329
MinimumVisualStudioVersion = 10.0.40219.1
Project("{FAE04EC0-301F-11D3-BF4B-00C04F79EFBC}") = "Calculatrice_2", "Calculatrice_2\Calculatrice_2.csproj", "{589AB906-2F62-4458-BE05-4DA218C03D95}"
EndProject
Global
	GlobalSection(SolutionConfigurationPlatforms) = preSolution
		Debug|Any CPU = Debug|Any CPU
		Release|Any CPU = Release|Any CPU
	EndGlobalSection
	GlobalSection(ProjectConfigurationPlatforms) = postSolution
		{589AB906-2F62-4458-BE05-4DA218C03D95}.Debug|Any CPU.ActiveCfg = Debug|Any CPU
		{589AB906-2F62-4458-BE05-4DA218C03D95}.Debug|Any CPU.Build.0 = Debug|Any CPU
		{589AB906-2F62-4458-BE05-4DA218C03D95}.Release|Any CPU.ActiveCfg = Release|Any CPU
		{589AB906-2F62-4458-BE05-4DA218C03D95}.Release|Any CPU.Build.0 = Release|Any CPU
	EndGlobalSection
	GlobalSection(SolutionProperties) = preSolution
		HideSolutionNode = FALSE
	EndGlobalSection
	GlobalSection(ExtensibilityGlobals) = postSolution
		SolutionGuid = {126305AA-C125-42D8-A24F-70763D710759}
	EndGlobalSection
EndGlobal
